
Microsoft Visual Studio Solution File, Format Version 12.00
# Visual Studio 15
VisualStudioVersion = 15.0.28307.1209
MinimumVisualStudioVersion = 10.0.40219.1
Project("{FAE04EC0-301F-11D3-BF4B-00C04F79EFBC}") = "Server", "Server\Server.csproj", "{F8409D3D-4B6F-41D7-9AE9-320C86FD5040}"
EndProject
Global
	GlobalSection(SolutionConfigurationPlatforms) = preSolution
		Debug|Any CPU = Debug|Any CPU
		Release|Any CPU = Release|Any CPU
	EndGlobalSection
	GlobalSection(ProjectConfigurationPlatforms) = postSolution
		{F8409D3D-4B6F-41D7-9AE9-320C86FD5040}.Debug|Any CPU.ActiveCfg = Debug|Any CPU
		{F8409D3D-4B6F-41D7-9AE9-320C86FD5040}.Debug|Any CPU.Build.0 = Debug|Any CPU
		{F8409D3D-4B6F-41D7-9AE9-320C86FD5040}.Release|Any CPU.ActiveCfg = Release|Any CPU
		{F8409D3D-4B6F-41D7-9AE9-320C86FD5040}.Release|Any CPU.Build.0 = Release|Any CPU
	EndGlobalSection
	GlobalSection(SolutionProperties) = preSolution
		HideSolutionNode = FALSE
	EndGlobalSection
	GlobalSection(ExtensibilityGlobals) = postSolution
		SolutionGuid = {6CDF0421-9467-4F6A-AAAF-F96DA9165A02}
	EndGlobalSection
EndGlobal
